{
  "requires": true,
  "lockfileVersion": 1,
  "dependencies": {
    "admob": {
      "version": "5.5.0",
      "resolved": "https://registry.npmjs.org/admob/-/admob-5.5.0.tgz",
      "integrity": "sha1-pHVK5tqVD+iLRVpvzHetIMHD0z4="
    },
    "com.admob.plugin": {
      "version": "5.5.0",
      "resolved": "https://registry.npmjs.org/com.admob.plugin/-/com.admob.plugin-5.5.0.tgz",
      "integrity": "sha1-v90FiRZsjEon8f7igJwhDp8bjys="
    },
    "cordova-plugin-admobpro": {
      "version": "2.31.4",
      "resolved": "https://registry.npmjs.org/cordova-plugin-admobpro/-/cordova-plugin-admobpro-2.31.4.tgz",
      "integrity": "sha1-PydhHsZqse48z6V2Qrft0o8cvQs="
    }
  }
}
